
Microsoft Visual Studio Solution File, Format Version 12.00
# Visual Studio Version 17
VisualStudioVersion = 17.9.34622.214
MinimumVisualStudioVersion = 10.0.40219.1
Project("{FAE04EC0-301F-11D3-BF4B-00C04F79EFBC}") = "W9WeatherAppDemo", "W9WeatherAppDemo\W9WeatherAppDemo.csproj", "{9FD00D84-4800-4B6A-9B50-E893B3E48BB7}"
EndProject
Global
	GlobalSection(SolutionConfigurationPlatforms) = preSolution
		Debug|Any CPU = Debug|Any CPU
		Release|Any CPU = Release|Any CPU
	EndGlobalSection
	GlobalSection(ProjectConfigurationPlatforms) = postSolution
		{9FD00D84-4800-4B6A-9B50-E893B3E48BB7}.Debug|Any CPU.ActiveCfg = Debug|Any CPU
		{9FD00D84-4800-4B6A-9B50-E893B3E48BB7}.Debug|Any CPU.Build.0 = Debug|Any CPU
		{9FD00D84-4800-4B6A-9B50-E893B3E48BB7}.Debug|Any CPU.Deploy.0 = Debug|Any CPU
		{9FD00D84-4800-4B6A-9B50-E893B3E48BB7}.Release|Any CPU.ActiveCfg = Release|Any CPU
		{9FD00D84-4800-4B6A-9B50-E893B3E48BB7}.Release|Any CPU.Build.0 = Release|Any CPU
		{9FD00D84-4800-4B6A-9B50-E893B3E48BB7}.Release|Any CPU.Deploy.0 = Release|Any CPU
	EndGlobalSection
	GlobalSection(SolutionProperties) = preSolution
		HideSolutionNode = FALSE
	EndGlobalSection
	GlobalSection(ExtensibilityGlobals) = postSolution
		SolutionGuid = {C23B8F88-86F6-4327-9E39-BFCCE25E3A22}
	EndGlobalSection
EndGlobal
